
Microsoft Visual Studio Solution File, Format Version 12.00
# Visual Studio Version 17
VisualStudioVersion = 17.14.36623.8 d17.14
MinimumVisualStudioVersion = 10.0.40219.1
Project("{FAE04EC0-301F-11D3-BF4B-00C04F79EFBC}") = "BusquedaLinealConsola", "BusquedaLinealConsola\BusquedaLinealConsola.csproj", "{851587F0-07C3-4424-A910-064D5C9C2259}"
EndProject
Project("{FAE04EC0-301F-11D3-BF4B-00C04F79EFBC}") = "BusquedaBinariaConsola", "..\BusquedaBinariaConsola\BusquedaBinariaConsola\BusquedaBinariaConsola.csproj", "{A3D22101-D713-4249-8900-AC44EA955376}"
EndProject
Global
	GlobalSection(SolutionConfigurationPlatforms) = preSolution
		Debug|Any CPU = Debug|Any CPU
		Release|Any CPU = Release|Any CPU
	EndGlobalSection
	GlobalSection(ProjectConfigurationPlatforms) = postSolution
		{851587F0-07C3-4424-A910-064D5C9C2259}.Debug|Any CPU.ActiveCfg = Debug|Any CPU
		{851587F0-07C3-4424-A910-064D5C9C2259}.Debug|Any CPU.Build.0 = Debug|Any CPU
		{851587F0-07C3-4424-A910-064D5C9C2259}.Release|Any CPU.ActiveCfg = Release|Any CPU
		{851587F0-07C3-4424-A910-064D5C9C2259}.Release|Any CPU.Build.0 = Release|Any CPU
		{A3D22101-D713-4249-8900-AC44EA955376}.Debug|Any CPU.ActiveCfg = Debug|Any CPU
		{A3D22101-D713-4249-8900-AC44EA955376}.Debug|Any CPU.Build.0 = Debug|Any CPU
		{A3D22101-D713-4249-8900-AC44EA955376}.Release|Any CPU.ActiveCfg = Release|Any CPU
		{A3D22101-D713-4249-8900-AC44EA955376}.Release|Any CPU.Build.0 = Release|Any CPU
	EndGlobalSection
	GlobalSection(SolutionProperties) = preSolution
		HideSolutionNode = FALSE
	EndGlobalSection
	GlobalSection(ExtensibilityGlobals) = postSolution
		SolutionGuid = {90D9E432-92E2-462F-A68B-B7661D44EA35}
	EndGlobalSection
EndGlobal
